// !$*UTF8*$!
{
	archiveVersion = 1;
	classes = {
	};
	objectVersion = 55;
	objects = {

/* Begin PBXBuildFile section */
		B408B87F281FFA5E001ED7BD /* MenuPage.swift in Sources */ = {isa = PBXBuildFile; fileRef = B408B87E281FFA5E001ED7BD /* MenuPage.swift */; };
		B408B881281FFA71001ED7BD /* InfoPage.swift in Sources */ = {isa = PBXBuildFile; fileRef = B408B880281FFA71001ED7BD /* InfoPage.swift */; };
		B408B883281FFA81001ED7BD /* OrderPage.swift in Sources */ = {isa = PBXBuildFile; fileRef = B408B882281FFA81001ED7BD /* OrderPage.swift */; };
		B43AB96528203252009628C6 /* Details.swift in Sources */ = {isa = PBXBuildFile; fileRef = B43AB96428203251009628C6 /* Details.swift */; };
		B462FA6A281DD8D800267488 /* Offer.swift in Sources */ = {isa = PBXBuildFile; fileRef = B462FA69281DD8D800267488 /* Offer.swift */; };
		B462FA6C281DE23000267488 /* OffersPage.swift in Sources */ = {isa = PBXBuildFile; fileRef = B462FA6B281DE23000267488 /* OffersPage.swift */; };
		B46559A32814A7310026FFD8 /* CoffstockApp.swift in Sources */ = {isa = PBXBuildFile; fileRef = B46559A22814A7310026FFD8 /* CoffstockApp.swift */; };
		B46559A52814A7310026FFD8 /* ContentView.swift in Sources */ = {isa = PBXBuildFile; fileRef = B46559A42814A7310026FFD8 /* ContentView.swift */; };
		B46559A72814A7340026FFD8 /* Assets.xcassets in Resources */ = {isa = PBXBuildFile; fileRef = B46559A62814A7340026FFD8 /* Assets.xcassets */; };
		B46559AA2814A7340026FFD8 /* Preview Assets.xcassets in Resources */ = {isa = PBXBuildFile; fileRef = B46559A92814A7340026FFD8 /* Preview Assets.xcassets */; };
		B48A3907282433F600DCE402 /* LikeManager.swift in Sources */ = {isa = PBXBuildFile; fileRef = B48A3906282433F600DCE402 /* LikeManager.swift */; };
		B48A39092824348400DCE402 /* LikeButton.swift in Sources */ = {isa = PBXBuildFile; fileRef = B48A39082824348400DCE402 /* LikeButton.swift */; };
		B495C1CE28232DC600D3F898 /* Category.swift in Sources */ = {isa = PBXBuildFile; fileRef = B495C1CD28232DC600D3F898 /* Category.swift */; };
		B495C1D028232DCD00D3F898 /* Product.swift in Sources */ = {isa = PBXBuildFile; fileRef = B495C1CF28232DCD00D3F898 /* Product.swift */; };
		B495C1D2282330C900D3F898 /* MenuManager.swift in Sources */ = {isa = PBXBuildFile; fileRef = B495C1D1282330C900D3F898 /* MenuManager.swift */; };
		B495C1D4282330EA00D3F898 /* CartManager.swift in Sources */ = {isa = PBXBuildFile; fileRef = B495C1D3282330EA00D3F898 /* CartManager.swift */; };
		B495C1D62823D3CA00D3F898 /* OrderItem.swift in Sources */ = {isa = PBXBuildFile; fileRef = B495C1D52823D3CA00D3F898 /* OrderItem.swift */; };
		B495C1D92823D88B00D3F898 /* Alamofire in Frameworks */ = {isa = PBXBuildFile; productRef = B495C1D82823D88B00D3F898 /* Alamofire */; };
		B4B41098282006F60043FEB8 /* Item.swift in Sources */ = {isa = PBXBuildFile; fileRef = B4B41097282006F60043FEB8 /* Item.swift */; };
/* End PBXBuildFile section */

/* Begin PBXFileReference section */
		B408B87E281FFA5E001ED7BD /* MenuPage.swift */ = {isa = PBXFileReference; lastKnownFileType = sourcecode.swift; path = MenuPage.swift; sourceTree = "<group>"; };
		B408B880281FFA71001ED7BD /* InfoPage.swift */ = {isa = PBXFileReference; lastKnownFileType = sourcecode.swift; path = InfoPage.swift; sourceTree = "<group>"; };
		B408B882281FFA81001ED7BD /* OrderPage.swift */ = {isa = PBXFileReference; lastKnownFileType = sourcecode.swift; path = OrderPage.swift; sourceTree = "<group>"; };
		B43AB96428203251009628C6 /* Details.swift */ = {isa = PBXFileReference; lastKnownFileType = sourcecode.swift; path = Details.swift; sourceTree = "<group>"; };
		B462FA69281DD8D800267488 /* Offer.swift */ = {isa = PBXFileReference; lastKnownFileType = sourcecode.swift; path = Offer.swift; sourceTree = "<group>"; };
		B462FA6B281DE23000267488 /* OffersPage.swift */ = {isa = PBXFileReference; lastKnownFileType = sourcecode.swift; path = OffersPage.swift; sourceTree = "<group>"; };
		B465599F2814A7310026FFD8 /* Coffstock.app */ = {isa = PBXFileReference; explicitFileType = wrapper.application; includeInIndex = 0; path = Coffstock.app; sourceTree = BUILT_PRODUCTS_DIR; };
		B46559A22814A7310026FFD8 /* CoffstockApp.swift */ = {isa = PBXFileReference; lastKnownFileType = sourcecode.swift; path = CoffstockApp.swift; sourceTree = "<group>"; };
		B46559A42814A7310026FFD8 /* ContentView.swift */ = {isa = PBXFileReference; lastKnownFileType = sourcecode.swift; path = ContentView.swift; sourceTree = "<group>"; };
		B46559A62814A7340026FFD8 /* Assets.xcassets */ = {isa = PBXFileReference; lastKnownFileType = folder.assetcatalog; path = Assets.xcassets; sourceTree = "<group>"; };
		B46559A92814A7340026FFD8 /* Preview Assets.xcassets */ = {isa = PBXFileReference; lastKnownFileType = folder.assetcatalog; path = "Preview Assets.xcassets"; sourceTree = "<group>"; };
		B48A39052824307F00DCE402 /* Info.plist */ = {isa = PBXFileReference; lastKnownFileType = text.plist; path = Info.plist; sourceTree = "<group>"; };
		B48A3906282433F600DCE402 /* LikeManager.swift */ = {isa = PBXFileReference; lastKnownFileType = sourcecode.swift; path = LikeManager.swift; sourceTree = "<group>"; };
		B48A39082824348400DCE402 /* LikeButton.swift */ = {isa = PBXFileReference; lastKnownFileType = sourcecode.swift; path = LikeButton.swift; sourceTree = "<group>"; };
		B495C1CD28232DC600D3F898 /* Category.swift */ = {isa = PBXFileReference; lastKnownFileType = sourcecode.swift; path = Category.swift; sourceTree = "<group>"; };
		B495C1CF28232DCD00D3F898 /* Product.swift */ = {isa = PBXFileReference; lastKnownFileType = sourcecode.swift; path = Product.swift; sourceTree = "<group>"; };
		B495C1D1282330C900D3F898 /* MenuManager.swift */ = {isa = PBXFileReference; lastKnownFileType = sourcecode.swift; path = MenuManager.swift; sourceTree = "<group>"; };
		B495C1D3282330EA00D3F898 /* CartManager.swift */ = {isa = PBXFileReference; lastKnownFileType = sourcecode.swift; path = CartManager.swift; sourceTree = "<group>"; };
		B495C1D52823D3CA00D3F898 /* OrderItem.swift */ = {isa = PBXFileReference; lastKnownFileType = sourcecode.swift; path = OrderItem.swift; sourceTree = "<group>"; };
		B4B41097282006F60043FEB8 /* Item.swift */ = {isa = PBXFileReference; lastKnownFileType = sourcecode.swift; path = Item.swift; sourceTree = "<group>"; };
/* End PBXFileReference section */

/* Begin PBXFrameworksBuildPhase section */
		B465599C2814A7310026FFD8 /* Frameworks */ = {
			isa = PBXFrameworksBuildPhase;
			buildActionMask = 2147483647;
			files = (
				B495C1D92823D88B00D3F898 /* Alamofire in Frameworks */,
			);
			runOnlyForDeploymentPostprocessing = 0;
		};
/* End PBXFrameworksBuildPhase section */

/* Begin PBXGroup section */
		B408B87C281FFA20001ED7BD /* Views */ = {
			isa = PBXGroup;
			children = (
				B462FA69281DD8D800267488 /* Offer.swift */,
				B495C1D52823D3CA00D3F898 /* OrderItem.swift */,
				B4B41097282006F60043FEB8 /* Item.swift */,
				B48A39082824348400DCE402 /* LikeButton.swift */,
			);
			path = Views;
			sourceTree = "<group>";
		};
		B408B87D281FFA30001ED7BD /* Pages */ = {
			isa = PBXGroup;
			children = (
				B462FA6B281DE23000267488 /* OffersPage.swift */,
				B408B87E281FFA5E001ED7BD /* MenuPage.swift */,
				B408B880281FFA71001ED7BD /* InfoPage.swift */,
				B408B882281FFA81001ED7BD /* OrderPage.swift */,
				B43AB96428203251009628C6 /* Details.swift */,
			);
			path = Pages;
			sourceTree = "<group>";
		};
		B46559962814A7310026FFD8 = {
			isa = PBXGroup;
			children = (
				B46559A12814A7310026FFD8 /* Coffstock */,
				B46559A02814A7310026FFD8 /* Products */,
			);
			sourceTree = "<group>";
		};
		B46559A02814A7310026FFD8 /* Products */ = {
			isa = PBXGroup;
			children = (
				B465599F2814A7310026FFD8 /* Coffstock.app */,
			);
			name = Products;
			sourceTree = "<group>";
		};
		B46559A12814A7310026FFD8 /* Coffstock */ = {
			isa = PBXGroup;
			children = (
				B48A39052824307F00DCE402 /* Info.plist */,
				B495C1CC28232DB400D3F898 /* Model */,
				B408B87D281FFA30001ED7BD /* Pages */,
				B408B87C281FFA20001ED7BD /* Views */,
				B46559A22814A7310026FFD8 /* CoffstockApp.swift */,
				B46559A42814A7310026FFD8 /* ContentView.swift */,
				B46559A62814A7340026FFD8 /* Assets.xcassets */,
				B46559A82814A7340026FFD8 /* Preview Content */,
			);
			path = Coffstock;
			sourceTree = "<group>";
		};
		B46559A82814A7340026FFD8 /* Preview Content */ = {
			isa = PBXGroup;
			children = (
				B46559A92814A7340026FFD8 /* Preview Assets.xcassets */,
			);
			path = "Preview Content";
			sourceTree = "<group>";
		};
		B495C1CC28232DB400D3F898 /* Model */ = {
			isa = PBXGroup;
			children = (
				B495C1CD28232DC600D3F898 /* Category.swift */,
				B495C1CF28232DCD00D3F898 /* Product.swift */,
				B495C1D1282330C900D3F898 /* MenuManager.swift */,
				B495C1D3282330EA00D3F898 /* CartManager.swift */,
				B48A3906282433F600DCE402 /* LikeManager.swift */,
			);
			path = Model;
			sourceTree = "<group>";
		};
/* End PBXGroup section */

/* Begin PBXNativeTarget section */
		B465599E2814A7310026FFD8 /* Coffstock */ = {
			isa = PBXNativeTarget;
			buildConfigurationList = B46559AD2814A7340026FFD8 /* Build configuration list for PBXNativeTarget "Coffstock" */;
			buildPhases = (
				B465599B2814A7310026FFD8 /* Sources */,
				B465599C2814A7310026FFD8 /* Frameworks */,
				B465599D2814A7310026FFD8 /* Resources */,
			);
			buildRules = (
			);
			dependencies = (
			);
			name = Coffstock;
			packageProductDependencies = (
				B495C1D82823D88B00D3F898 /* Alamofire */,
			);
			productName = Coffstock;
			productReference = B465599F2814A7310026FFD8 /* Coffstock.app */;
			productType = "com.apple.product-type.application";
		};
/* End PBXNativeTarget section */

/* Begin PBXProject section */
		B46559972814A7310026FFD8 /* Project object */ = {
			isa = PBXProject;
			attributes = {
				BuildIndependentTargetsInParallel = 1;
				LastSwiftUpdateCheck = 1330;
				LastUpgradeCheck = 1330;
				TargetAttributes = {
					B465599E2814A7310026FFD8 = {
						CreatedOnToolsVersion = 13.3.1;
					};
				};
			};
			buildConfigurationList = B465599A2814A7310026FFD8 /* Build configuration list for PBXProject "Coffstock" */;
			compatibilityVersion = "Xcode 13.0";
			developmentRegion = en;
			hasScannedForEncodings = 0;
			knownRegions = (
				en,
				Base,
			);
			mainGroup = B46559962814A7310026FFD8;
			packageReferences = (
				B495C1D72823D88B00D3F898 /* XCRemoteSwiftPackageReference "Alamofire" */,
			);
			productRefGroup = B46559A02814A7310026FFD8 /* Products */;
			projectDirPath = "";
			projectRoot = "";
			targets = (
				B465599E2814A7310026FFD8 /* Coffstock */,
			);
		};
/* End PBXProject section */

/* Begin PBXResourcesBuildPhase section */
		B465599D2814A7310026FFD8 /* Resources */ = {
			isa = PBXResourcesBuildPhase;
			buildActionMask = 2147483647;
			files = (
				B46559AA2814A7340026FFD8 /* Preview Assets.xcassets in Resources */,
				B46559A72814A7340026FFD8 /* Assets.xcassets in Resources */,
			);
			runOnlyForDeploymentPostprocessing = 0;
		};
/* End PBXResourcesBuildPhase section */

/* Begin PBXSourcesBuildPhase section */
		B465599B2814A7310026FFD8 /* Sources */ = {
			isa = PBXSourcesBuildPhase;
			buildActionMask = 2147483647;
			files = (
				B495C1D2282330C900D3F898 /* MenuManager.swift in Sources */,
				B495C1D4282330EA00D3F898 /* CartManager.swift in Sources */,
				B408B883281FFA81001ED7BD /* OrderPage.swift in Sources */,
				B495C1CE28232DC600D3F898 /* Category.swift in Sources */,
				B462FA6A281DD8D800267488 /* Offer.swift in Sources */,
				B462FA6C281DE23000267488 /* OffersPage.swift in Sources */,
				B408B881281FFA71001ED7BD /* InfoPage.swift in Sources */,
				B4B41098282006F60043FEB8 /* Item.swift in Sources */,
				B48A3907282433F600DCE402 /* LikeManager.swift in Sources */,
				B495C1D028232DCD00D3F898 /* Product.swift in Sources */,
				B495C1D62823D3CA00D3F898 /* OrderItem.swift in Sources */,
				B43AB96528203252009628C6 /* Details.swift in Sources */,
				B48A39092824348400DCE402 /* LikeButton.swift in Sources */,
				B408B87F281FFA5E001ED7BD /* MenuPage.swift in Sources */,
				B46559A52814A7310026FFD8 /* ContentView.swift in Sources */,
				B46559A32814A7310026FFD8 /* CoffstockApp.swift in Sources */,
			);
			runOnlyForDeploymentPostprocessing = 0;
		};
/* End PBXSourcesBuildPhase section */

/* Begin XCBuildConfiguration section */
		B46559AB2814A7340026FFD8 /* Debug */ = {
			isa = XCBuildConfiguration;
			buildSettings = {
				ALWAYS_SEARCH_USER_PATHS = NO;
				CLANG_ANALYZER_NONNULL = YES;
				CLANG_ANALYZER_NUMBER_OBJECT_CONVERSION = YES_AGGRESSIVE;
				CLANG_CXX_LANGUAGE_STANDARD = "gnu++17";
				CLANG_ENABLE_MODULES = YES;
				CLANG_ENABLE_OBJC_ARC = YES;
				CLANG_ENABLE_OBJC_WEAK = YES;
				CLANG_WARN_BLOCK_CAPTURE_AUTORELEASING = YES;
				CLANG_WARN_BOOL_CONVERSION = YES;
				CLANG_WARN_COMMA = YES;
				CLANG_WARN_CONSTANT_CONVERSION = YES;
				CLANG_WARN_DEPRECATED_OBJC_IMPLEMENTATIONS = YES;
				CLANG_WARN_DIRECT_OBJC_ISA_USAGE = YES_ERROR;
				CLANG_WARN_DOCUMENTATION_COMMENTS = YES;
				CLANG_WARN_EMPTY_BODY = YES;
				CLANG_WARN_ENUM_CONVERSION = YES;
				CLANG_WARN_INFINITE_RECURSION = YES;
				CLANG_WARN_INT_CONVERSION = YES;
				CLANG_WARN_NON_LITERAL_NULL_CONVERSION = YES;
				CLANG_WARN_OBJC_IMPLICIT_RETAIN_SELF = YES;
				CLANG_WARN_OBJC_LITERAL_CONVERSION = YES;
				CLANG_WARN_OBJC_ROOT_CLASS = YES_ERROR;
				CLANG_WARN_QUOTED_INCLUDE_IN_FRAMEWORK_HEADER = YES;
				CLANG_WARN_RANGE_LOOP_ANALYSIS = YES;
				CLANG_WARN_STRICT_PROTOTYPES = YES;
				CLANG_WARN_SUSPICIOUS_MOVE = YES;
				CLANG_WARN_UNGUARDED_AVAILABILITY = YES_AGGRESSIVE;
				CLANG_WARN_UNREACHABLE_CODE = YES;
				CLANG_WARN__DUPLICATE_METHOD_MATCH = YES;
				COPY_PHASE_STRIP = NO;
				DEBUG_INFORMATION_FORMAT = dwarf;
				ENABLE_STRICT_OBJC_MSGSEND = YES;
				ENABLE_TESTABILITY = YES;
				GCC_C_LANGUAGE_STANDARD = gnu11;
				GCC_DYNAMIC_NO_PIC = NO;
				GCC_NO_COMMON_BLOCKS = YES;
				GCC_OPTIMIZATION_LEVEL = 0;
				GCC_PREPROCESSOR_DEFINITIONS = (
					"DEBUG=1",
					"$(inherited)",
				);
				GCC_WARN_64_TO_32_BIT_CONVERSION = YES;
				GCC_WARN_ABOUT_RETURN_TYPE = YES_ERROR;
				GCC_WARN_UNDECLARED_SELECTOR = YES;
				GCC_WARN_UNINITIALIZED_AUTOS = YES_AGGRESSIVE;
				GCC_WARN_UNUSED_FUNCTION = YES;
				GCC_WARN_UNUSED_VARIABLE = YES;
				IPHONEOS_DEPLOYMENT_TARGET = 15.4;
				MTL_ENABLE_DEBUG_INFO = INCLUDE_SOURCE;
				MTL_FAST_MATH = YES;
				ONLY_ACTIVE_ARCH = YES;
				SDKROOT = iphoneos;
				SWIFT_ACTIVE_COMPILATION_CONDITIONS = DEBUG;
				SWIFT_OPTIMIZATION_LEVEL = "-Onone";
			};
			name = Debug;
		};
		B46559AC2814A7340026FFD8 /* Release */ = {
			isa = XCBuildConfiguration;
			buildSettings = {
				ALWAYS_SEARCH_USER_PATHS = NO;
				CLANG_ANALYZER_NONNULL = YES;
				CLANG_ANALYZER_NUMBER_OBJECT_CONVERSION = YES_AGGRESSIVE;
				CLANG_CXX_LANGUAGE_STANDARD = "gnu++17";
				CLANG_ENABLE_MODULES = YES;
				CLANG_ENABLE_OBJC_ARC = YES;
				CLANG_ENABLE_OBJC_WEAK = YES;
				CLANG_WARN_BLOCK_CAPTURE_AUTORELEASING = YES;
				CLANG_WARN_BOOL_CONVERSION = YES;
				CLANG_WARN_COMMA = YES;
				CLANG_WARN_CONSTANT_CONVERSION = YES;
				CLANG_WARN_DEPRECATED_OBJC_IMPLEMENTATIONS = YES;
				CLANG_WARN_DIRECT_OBJC_ISA_USAGE = YES_ERROR;
				CLANG_WARN_DOCUMENTATION_COMMENTS = YES;
				CLANG_WARN_EMPTY_BODY = YES;
				CLANG_WARN_ENUM_CONVERSION = YES;
				CLANG_WARN_INFINITE_RECURSION = YES;
				CLANG_WARN_INT_CONVERSION = YES;
				CLANG_WARN_NON_LITERAL_NULL_CONVERSION = YES;
				CLANG_WARN_OBJC_IMPLICIT_RETAIN_SELF = YES;
				CLANG_WARN_OBJC_LITERAL_CONVERSION = YES;
				CLANG_WARN_OBJC_ROOT_CLASS = YES_ERROR;
				CLANG_WARN_QUOTED_INCLUDE_IN_FRAMEWORK_HEADER = YES;
				CLANG_WARN_RANGE_LOOP_ANALYSIS = YES;
				CLANG_WARN_STRICT_PROTOTYPES = YES;
				CLANG_WARN_SUSPICIOUS_MOVE = YES;
				CLANG_WARN_UNGUARDED_AVAILABILITY = YES_AGGRESSIVE;
				CLANG_WARN_UNREACHABLE_CODE = YES;
				CLANG_WARN__DUPLICATE_METHOD_MATCH = YES;
				COPY_PHASE_STRIP = NO;
				DEBUG_INFORMATION_FORMAT = "dwarf-with-dsym";
				ENABLE_NS_ASSERTIONS = NO;
				ENABLE_STRICT_OBJC_MSGSEND = YES;
				GCC_C_LANGUAGE_STANDARD = gnu11;
				GCC_NO_COMMON_BLOCKS = YES;
				GCC_WARN_64_TO_32_BIT_CONVERSION = YES;
				GCC_WARN_ABOUT_RETURN_TYPE = YES_ERROR;
				GCC_WARN_UNDECLARED_SELECTOR = YES;
				GCC_WARN_UNINITIALIZED_AUTOS = YES_AGGRESSIVE;
				GCC_WARN_UNUSED_FUNCTION = YES;
				GCC_WARN_UNUSED_VARIABLE = YES;
				IPHONEOS_DEPLOYMENT_TARGET = 15.4;
				MTL_ENABLE_DEBUG_INFO = NO;
				MTL_FAST_MATH = YES;
				SDKROOT = iphoneos;
				SWIFT_COMPILATION_MODE = wholemodule;
				SWIFT_OPTIMIZATION_LEVEL = "-O";
				VALIDATE_PRODUCT = YES;
			};
			name = Release;
		};
		B46559AE2814A7340026FFD8 /* Debug */ = {
			isa = XCBuildConfiguration;
			buildSettings = {
				ASSETCATALOG_COMPILER_APPICON_NAME = AppIcon;
				ASSETCATALOG_COMPILER_GLOBAL_ACCENT_COLOR_NAME = AccentColor;
				CODE_SIGN_IDENTITY = "Apple Development";
				CODE_SIGN_STYLE = Automatic;
				CURRENT_PROJECT_VERSION = 1;
				DEVELOPMENT_ASSET_PATHS = "\"Coffstock/Preview Content\"";
				DEVELOPMENT_TEAM = 833T8QYBTZ;
				ENABLE_PREVIEWS = YES;
				GENERATE_INFOPLIST_FILE = YES;
				INFOPLIST_FILE = Coffstock/Info.plist;
				INFOPLIST_KEY_UIApplicationSceneManifest_Generation = YES;
				INFOPLIST_KEY_UIApplicationSupportsIndirectInputEvents = YES;
				INFOPLIST_KEY_UISupportedInterfaceOrientations_iPad = "UIInterfaceOrientationPortrait UIInterfaceOrientationPortraitUpsideDown UIInterfaceOrientationLandscapeLeft UIInterfaceOrientationLandscapeRight";
				INFOPLIST_KEY_UISupportedInterfaceOrientations_iPhone = "UIInterfaceOrientationPortrait UIInterfaceOrientationLandscapeLeft UIInterfaceOrientationLandscapeRight";
				LD_RUNPATH_SEARCH_PATHS = (
					"$(inherited)",
					"@executable_path/Frameworks",
				);
				MARKETING_VERSION = 1.0;
				PRODUCT_BUNDLE_IDENTIFIER = com.dantraztrev.protoype.Coffstock;
				PRODUCT_NAME = "$(TARGET_NAME)";
				PROVISIONING_PROFILE_SPECIFIER = "";
				SWIFT_EMIT_LOC_STRINGS = YES;
				SWIFT_VERSION = 5.0;
				TARGETED_DEVICE_FAMILY = 1;
			};
			name = Debug;
		};
		B46559AF2814A7340026FFD8 /* Release */ = {
			isa = XCBuildConfiguration;
			buildSettings = {
				ASSETCATALOG_COMPILER_APPICON_NAME = AppIcon;
				ASSETCATALOG_COMPILER_GLOBAL_ACCENT_COLOR_NAME = AccentColor;
				CODE_SIGN_IDENTITY = "Apple Development";
				CODE_SIGN_STYLE = Automatic;
				CURRENT_PROJECT_VERSION = 1;
				DEVELOPMENT_ASSET_PATHS = "\"Coffstock/Preview Content\"";
				DEVELOPMENT_TEAM = 833T8QYBTZ;
				ENABLE_PREVIEWS = YES;
				GENERATE_INFOPLIST_FILE = YES;
				INFOPLIST_FILE = Coffstock/Info.plist;
				INFOPLIST_KEY_UIApplicationSceneManifest_Generation = YES;
				INFOPLIST_KEY_UIApplicationSupportsIndirectInputEvents = YES;
				INFOPLIST_KEY_UISupportedInterfaceOrientations_iPad = "UIInterfaceOrientationPortrait UIInterfaceOrientationPortraitUpsideDown UIInterfaceOrientationLandscapeLeft UIInterfaceOrientationLandscapeRight";
				INFOPLIST_KEY_UISupportedInterfaceOrientations_iPhone = "UIInterfaceOrientationPortrait UIInterfaceOrientationLandscapeLeft UIInterfaceOrientationLandscapeRight";
				LD_RUNPATH_SEARCH_PATHS = (
					"$(inherited)",
					"@executable_path/Frameworks",
				);
				MARKETING_VERSION = 1.0;
				PRODUCT_BUNDLE_IDENTIFIER = com.dantraztrev.protoype.Coffstock;
				PRODUCT_NAME = "$(TARGET_NAME)";
				PROVISIONING_PROFILE_SPECIFIER = "";
				SWIFT_EMIT_LOC_STRINGS = YES;
				SWIFT_VERSION = 5.0;
				TARGETED_DEVICE_FAMILY = 1;
			};
			name = Release;
		};
/* End XCBuildConfiguration section */

/* Begin XCConfigurationList section */
		B465599A2814A7310026FFD8 /* Build configuration list for PBXProject "Coffstock" */ = {
			isa = XCConfigurationList;
			buildConfigurations = (
				B46559AB2814A7340026FFD8 /* Debug */,
				B46559AC2814A7340026FFD8 /* Release */,
			);
			defaultConfigurationIsVisible = 0;
			defaultConfigurationName = Release;
		};
		B46559AD2814A7340026FFD8 /* Build configuration list for PBXNativeTarget "Coffstock" */ = {
			isa = XCConfigurationList;
			buildConfigurations = (
				B46559AE2814A7340026FFD8 /* Debug */,
				B46559AF2814A7340026FFD8 /* Release */,
			);
			defaultConfigurationIsVisible = 0;
			defaultConfigurationName = Release;
		};
/* End XCConfigurationList section */

/* Begin XCRemoteSwiftPackageReference section */
		B495C1D72823D88B00D3F898 /* XCRemoteSwiftPackageReference "Alamofire" */ = {
			isa = XCRemoteSwiftPackageReference;
			repositoryURL = "https://github.com/Alamofire/Alamofire.git";
			requirement = {
				kind = upToNextMajorVersion;
				minimumVersion = 5.0.0;
			};
		};
/* End XCRemoteSwiftPackageReference section */

/* Begin XCSwiftPackageProductDependency section */
		B495C1D82823D88B00D3F898 /* Alamofire */ = {
			isa = XCSwiftPackageProductDependency;
			package = B495C1D72823D88B00D3F898 /* XCRemoteSwiftPackageReference "Alamofire" */;
			productName = Alamofire;
		};
/* End XCSwiftPackageProductDependency section */
	};
	rootObject = B46559972814A7310026FFD8 /* Project object */;
}
